
Microsoft Visual Studio Solution File, Format Version 12.00
# Visual Studio Version 17
VisualStudioVersion = 17.14.36518.9
MinimumVisualStudioVersion = 10.0.40219.1
Project("{FAE04EC0-301F-11D3-BF4B-00C04F79EFBC}") = "FitnessReservation.Pricing", "FitnessReservation.Pricing\FitnessReservation.Pricing.csproj", "{5A9D1E23-46E0-44EF-9F2F-1C9F25CC6D6D}"
EndProject
Project("{FAE04EC0-301F-11D3-BF4B-00C04F79EFBC}") = "FitnessReservation.Pricing.Tests", "FitnessReservation.Pricing.Tests\FitnessReservation.Pricing.Tests.csproj", "{32DDD3AB-C790-438F-87EF-C1053CDC48DC}"
EndProject
Project("{2150E333-8FDC-42A3-9474-1A3956D46DE8}") = "Çözüm Öğeleri", "Çözüm Öğeleri", "{AC80F682-3D55-C8F8-4895-A4A9EDD49434}"
	ProjectSection(SolutionItems) = preProject
		global.json = global.json
		stryker-config.json = stryker-config.json
		stryker-config.reservations.json = stryker-config.reservations.json
	EndProjectSection
EndProject
Project("{FAE04EC0-301F-11D3-BF4B-00C04F79EFBC}") = "FitnessReservation.Tools.PricingGolden", "FitnessReservation.Tools.PricingGolden\FitnessReservation.Tools.PricingGolden.csproj", "{D70913B2-8866-45F9-8301-B94BC88E0DFB}"
EndProject
Project("{FAE04EC0-301F-11D3-BF4B-00C04F79EFBC}") = "FitnessReservation.Api", "FitnessReservation.Api\FitnessReservation.Api.csproj", "{54C5CCA4-8A6A-4B55-AB8C-44EFFD4AFD65}"
EndProject
Project("{FAE04EC0-301F-11D3-BF4B-00C04F79EFBC}") = "FitnessReservation.Api.Tests", "FitnessReservation.Api.Tests\FitnessReservation.Api.Tests.csproj", "{D58DBB2C-7464-4665-A2B2-2BFF3959FA52}"
EndProject
Project("{FAE04EC0-301F-11D3-BF4B-00C04F79EFBC}") = "FitnessReservation.Reservations", "FitnessReservation.Reservations\FitnessReservation.Reservations.csproj", "{73CAF253-EB3B-42C2-AD3E-7279A3AB7335}"
EndProject
Project("{FAE04EC0-301F-11D3-BF4B-00C04F79EFBC}") = "FitnessReservation.Reservations.Tests", "FitnessReservation.Reservations.Tests\FitnessReservation.Reservations.Tests.csproj", "{B4CD0C9E-E2C1-47AA-84E3-075E1CE43128}"
EndProject
Project("{FAE04EC0-301F-11D3-BF4B-00C04F79EFBC}") = "FitnessReservation.Persistence.Tests", "FitnessReservation.Persistence.Tests\FitnessReservation.Persistence.Tests.csproj", "{0406DAD7-EFA7-4BD2-8C73-DB667300738B}"
EndProject
Project("{FAE04EC0-301F-11D3-BF4B-00C04F79EFBC}") = "FitnessReservation.Persistence", "FitnessReservation.Persistence\FitnessReservation.Persistence.csproj", "{EA039641-E8FA-4476-9424-1C01F555C44F}"
EndProject
Project("{FAE04EC0-301F-11D3-BF4B-00C04F79EFBC}") = "FitnessReservation.Auth", "FitnessReservation.Auth\FitnessReservation.Auth.csproj", "{E0865768-6CB7-413A-8A76-5EC2C3DE28FB}"
EndProject
Global
	GlobalSection(SolutionConfigurationPlatforms) = preSolution
		Debug|Any CPU = Debug|Any CPU
		Release|Any CPU = Release|Any CPU
	EndGlobalSection
	GlobalSection(ProjectConfigurationPlatforms) = postSolution
		{5A9D1E23-46E0-44EF-9F2F-1C9F25CC6D6D}.Debug|Any CPU.ActiveCfg = Debug|Any CPU
		{5A9D1E23-46E0-44EF-9F2F-1C9F25CC6D6D}.Debug|Any CPU.Build.0 = Debug|Any CPU
		{5A9D1E23-46E0-44EF-9F2F-1C9F25CC6D6D}.Release|Any CPU.ActiveCfg = Release|Any CPU
		{5A9D1E23-46E0-44EF-9F2F-1C9F25CC6D6D}.Release|Any CPU.Build.0 = Release|Any CPU
		{32DDD3AB-C790-438F-87EF-C1053CDC48DC}.Debug|Any CPU.ActiveCfg = Debug|Any CPU
		{32DDD3AB-C790-438F-87EF-C1053CDC48DC}.Debug|Any CPU.Build.0 = Debug|Any CPU
		{32DDD3AB-C790-438F-87EF-C1053CDC48DC}.Release|Any CPU.ActiveCfg = Release|Any CPU
		{32DDD3AB-C790-438F-87EF-C1053CDC48DC}.Release|Any CPU.Build.0 = Release|Any CPU
		{D70913B2-8866-45F9-8301-B94BC88E0DFB}.Debug|Any CPU.ActiveCfg = Debug|Any CPU
		{D70913B2-8866-45F9-8301-B94BC88E0DFB}.Debug|Any CPU.Build.0 = Debug|Any CPU
		{D70913B2-8866-45F9-8301-B94BC88E0DFB}.Release|Any CPU.ActiveCfg = Release|Any CPU
		{D70913B2-8866-45F9-8301-B94BC88E0DFB}.Release|Any CPU.Build.0 = Release|Any CPU
		{54C5CCA4-8A6A-4B55-AB8C-44EFFD4AFD65}.Debug|Any CPU.ActiveCfg = Debug|Any CPU
		{54C5CCA4-8A6A-4B55-AB8C-44EFFD4AFD65}.Debug|Any CPU.Build.0 = Debug|Any CPU
		{54C5CCA4-8A6A-4B55-AB8C-44EFFD4AFD65}.Release|Any CPU.ActiveCfg = Release|Any CPU
		{54C5CCA4-8A6A-4B55-AB8C-44EFFD4AFD65}.Release|Any CPU.Build.0 = Release|Any CPU
		{D58DBB2C-7464-4665-A2B2-2BFF3959FA52}.Debug|Any CPU.ActiveCfg = Debug|Any CPU
		{D58DBB2C-7464-4665-A2B2-2BFF3959FA52}.Debug|Any CPU.Build.0 = Debug|Any CPU
		{D58DBB2C-7464-4665-A2B2-2BFF3959FA52}.Release|Any CPU.ActiveCfg = Release|Any CPU
		{D58DBB2C-7464-4665-A2B2-2BFF3959FA52}.Release|Any CPU.Build.0 = Release|Any CPU
		{73CAF253-EB3B-42C2-AD3E-7279A3AB7335}.Debug|Any CPU.ActiveCfg = Debug|Any CPU
		{73CAF253-EB3B-42C2-AD3E-7279A3AB7335}.Debug|Any CPU.Build.0 = Debug|Any CPU
		{73CAF253-EB3B-42C2-AD3E-7279A3AB7335}.Release|Any CPU.ActiveCfg = Release|Any CPU
		{73CAF253-EB3B-42C2-AD3E-7279A3AB7335}.Release|Any CPU.Build.0 = Release|Any CPU
		{B4CD0C9E-E2C1-47AA-84E3-075E1CE43128}.Debug|Any CPU.ActiveCfg = Debug|Any CPU
		{B4CD0C9E-E2C1-47AA-84E3-075E1CE43128}.Debug|Any CPU.Build.0 = Debug|Any CPU
		{B4CD0C9E-E2C1-47AA-84E3-075E1CE43128}.Release|Any CPU.ActiveCfg = Release|Any CPU
		{B4CD0C9E-E2C1-47AA-84E3-075E1CE43128}.Release|Any CPU.Build.0 = Release|Any CPU
		{0406DAD7-EFA7-4BD2-8C73-DB667300738B}.Debug|Any CPU.ActiveCfg = Debug|Any CPU
		{0406DAD7-EFA7-4BD2-8C73-DB667300738B}.Debug|Any CPU.Build.0 = Debug|Any CPU
		{0406DAD7-EFA7-4BD2-8C73-DB667300738B}.Release|Any CPU.ActiveCfg = Release|Any CPU
		{0406DAD7-EFA7-4BD2-8C73-DB667300738B}.Release|Any CPU.Build.0 = Release|Any CPU
		{EA039641-E8FA-4476-9424-1C01F555C44F}.Debug|Any CPU.ActiveCfg = Debug|Any CPU
		{EA039641-E8FA-4476-9424-1C01F555C44F}.Debug|Any CPU.Build.0 = Debug|Any CPU
		{EA039641-E8FA-4476-9424-1C01F555C44F}.Release|Any CPU.ActiveCfg = Release|Any CPU
		{EA039641-E8FA-4476-9424-1C01F555C44F}.Release|Any CPU.Build.0 = Release|Any CPU
		{E0865768-6CB7-413A-8A76-5EC2C3DE28FB}.Debug|Any CPU.ActiveCfg = Debug|Any CPU
		{E0865768-6CB7-413A-8A76-5EC2C3DE28FB}.Debug|Any CPU.Build.0 = Debug|Any CPU
		{E0865768-6CB7-413A-8A76-5EC2C3DE28FB}.Release|Any CPU.ActiveCfg = Release|Any CPU
		{E0865768-6CB7-413A-8A76-5EC2C3DE28FB}.Release|Any CPU.Build.0 = Release|Any CPU
	EndGlobalSection
	GlobalSection(SolutionProperties) = preSolution
		HideSolutionNode = FALSE
	EndGlobalSection
	GlobalSection(ExtensibilityGlobals) = postSolution
		SolutionGuid = {226AE87C-BCBF-40A8-A827-7A174AEB8261}
	EndGlobalSection
EndGlobal
